
Microsoft Visual Studio Solution File, Format Version 12.00
# Visual Studio Version 17
VisualStudioVersion = 17.4.33103.184
MinimumVisualStudioVersion = 10.0.40219.1
Project("{FAE04EC0-301F-11D3-BF4B-00C04F79EFBC}") = "OpenAi", "OpenAi.csproj", "{008D066C-AA7D-4C6A-B6DC-27970BA05874}"
EndProject
Global
	GlobalSection(SolutionConfigurationPlatforms) = preSolution
		Debug|Any CPU = Debug|Any CPU
		Release|Any CPU = Release|Any CPU
	EndGlobalSection
	GlobalSection(ProjectConfigurationPlatforms) = postSolution
		{008D066C-AA7D-4C6A-B6DC-27970BA05874}.Debug|Any CPU.ActiveCfg = Debug|Any CPU
		{008D066C-AA7D-4C6A-B6DC-27970BA05874}.Debug|Any CPU.Build.0 = Debug|Any CPU
		{008D066C-AA7D-4C6A-B6DC-27970BA05874}.Release|Any CPU.ActiveCfg = Release|Any CPU
		{008D066C-AA7D-4C6A-B6DC-27970BA05874}.Release|Any CPU.Build.0 = Release|Any CPU
	EndGlobalSection
	GlobalSection(SolutionProperties) = preSolution
		HideSolutionNode = FALSE
	EndGlobalSection
	GlobalSection(ExtensibilityGlobals) = postSolution
		SolutionGuid = {7845390E-5B89-4F6B-B6F4-0AEDC6474E43}
	EndGlobalSection
EndGlobal
